
Microsoft Visual Studio Solution File, Format Version 12.00
# Visual Studio Version 17
VisualStudioVersion = 17.3.32922.545
MinimumVisualStudioVersion = 10.0.40219.1
Project("{9A19103F-16F7-4668-BE54-9A1E7A4F7556}") = "I1SD_Toets1_Start", "I1SD_Toets1_Start\I1SD_Toets1_Start.csproj", "{DDE3EA23-2A51-4076-946D-909FB698DBF7}"
EndProject
Project("{9A19103F-16F7-4668-BE54-9A1E7A4F7556}") = "I1SD_Toets1_StartTests", "I1SD_Toets1_StartTests\I1SD_Toets1_StartTests.csproj", "{A46847E8-6ECE-4730-A21F-7AD8ADA1AD50}"
EndProject
Global
	GlobalSection(SolutionConfigurationPlatforms) = preSolution
		Debug|Any CPU = Debug|Any CPU
		Release|Any CPU = Release|Any CPU
	EndGlobalSection
	GlobalSection(ProjectConfigurationPlatforms) = postSolution
		{DDE3EA23-2A51-4076-946D-909FB698DBF7}.Debug|Any CPU.ActiveCfg = Debug|Any CPU
		{DDE3EA23-2A51-4076-946D-909FB698DBF7}.Debug|Any CPU.Build.0 = Debug|Any CPU
		{DDE3EA23-2A51-4076-946D-909FB698DBF7}.Release|Any CPU.ActiveCfg = Release|Any CPU
		{DDE3EA23-2A51-4076-946D-909FB698DBF7}.Release|Any CPU.Build.0 = Release|Any CPU
		{A46847E8-6ECE-4730-A21F-7AD8ADA1AD50}.Debug|Any CPU.ActiveCfg = Debug|Any CPU
		{A46847E8-6ECE-4730-A21F-7AD8ADA1AD50}.Debug|Any CPU.Build.0 = Debug|Any CPU
		{A46847E8-6ECE-4730-A21F-7AD8ADA1AD50}.Release|Any CPU.ActiveCfg = Release|Any CPU
		{A46847E8-6ECE-4730-A21F-7AD8ADA1AD50}.Release|Any CPU.Build.0 = Release|Any CPU
	EndGlobalSection
	GlobalSection(SolutionProperties) = preSolution
		HideSolutionNode = FALSE
	EndGlobalSection
	GlobalSection(ExtensibilityGlobals) = postSolution
		SolutionGuid = {4E335352-9564-43F6-8D59-C0ABBE9C631E}
	EndGlobalSection
EndGlobal
